// !$*UTF8*$!
{
	archiveVersion = 1;
	classes = {
	};
	objectVersion = 50;
	objects = {

/* Begin PBXBuildFile section */
		5CBAA52D25BE1B1D007BFDFA /* Project1App.swift in Sources */ = {isa = PBXBuildFile; fileRef = 5CBAA52C25BE1B1D007BFDFA /* Project1App.swift */; };
		5CBAA52F25BE1B1D007BFDFA /* ContentView.swift in Sources */ = {isa = PBXBuildFile; fileRef = 5CBAA52E25BE1B1D007BFDFA /* ContentView.swift */; };
		5CBAA53125BE1B1E007BFDFA /* Assets.xcassets in Resources */ = {isa = PBXBuildFile; fileRef = 5CBAA53025BE1B1E007BFDFA /* Assets.xcassets */; };
		5CBAA53425BE1B1E007BFDFA /* Preview Assets.xcassets in Resources */ = {isa = PBXBuildFile; fileRef = 5CBAA53325BE1B1E007BFDFA /* Preview Assets.xcassets */; };
		5CBAA53F25BE1B1E007BFDFA /* Project1Tests.swift in Sources */ = {isa = PBXBuildFile; fileRef = 5CBAA53E25BE1B1E007BFDFA /* Project1Tests.swift */; };
		5CBAA54A25BE1B1E007BFDFA /* Project1UITests.swift in Sources */ = {isa = PBXBuildFile; fileRef = 5CBAA54925BE1B1E007BFDFA /* Project1UITests.swift */; };
/* End PBXBuildFile section */

/* Begin PBXContainerItemProxy section */
		5CBAA53B25BE1B1E007BFDFA /* PBXContainerItemProxy */ = {
			isa = PBXContainerItemProxy;
			containerPortal = 5CBAA52125BE1B1D007BFDFA /* Project object */;
			proxyType = 1;
			remoteGlobalIDString = 5CBAA52825BE1B1D007BFDFA;
			remoteInfo = Project1;
		};
		5CBAA54625BE1B1E007BFDFA /* PBXContainerItemProxy */ = {
			isa = PBXContainerItemProxy;
			containerPortal = 5CBAA52125BE1B1D007BFDFA /* Project object */;
			proxyType = 1;
			remoteGlobalIDString = 5CBAA52825BE1B1D007BFDFA;
			remoteInfo = Project1;
		};
/* End PBXContainerItemProxy section */

/* Begin PBXFileReference section */
		5CBAA52925BE1B1D007BFDFA /* Project1.app */ = {isa = PBXFileReference; explicitFileType = wrapper.application; includeInIndex = 0; path = Project1.app; sourceTree = BUILT_PRODUCTS_DIR; };
		5CBAA52C25BE1B1D007BFDFA /* Project1App.swift */ = {isa = PBXFileReference; lastKnownFileType = sourcecode.swift; path = Project1App.swift; sourceTree = "<group>"; };
		5CBAA52E25BE1B1D007BFDFA /* ContentView.swift */ = {isa = PBXFileReference; lastKnownFileType = sourcecode.swift; path = ContentView.swift; sourceTree = "<group>"; };
		5CBAA53025BE1B1E007BFDFA /* Assets.xcassets */ = {isa = PBXFileReference; lastKnownFileType = folder.assetcatalog; path = Assets.xcassets; sourceTree = "<group>"; };
		5CBAA53325BE1B1E007BFDFA /* Preview Assets.xcassets */ = {isa = PBXFileReference; lastKnownFileType = folder.assetcatalog; path = "Preview Assets.xcassets"; sourceTree = "<group>"; };
		5CBAA53525BE1B1E007BFDFA /* Info.plist */ = {isa = PBXFileReference; lastKnownFileType = text.plist.xml; path = Info.plist; sourceTree = "<group>"; };
		5CBAA53A25BE1B1E007BFDFA /* Project1Tests.xctest */ = {isa = PBXFileReference; explicitFileType = wrapper.cfbundle; includeInIndex = 0; path = Project1Tests.xctest; sourceTree = BUILT_PRODUCTS_DIR; };
		5CBAA53E25BE1B1E007BFDFA /* Project1Tests.swift */ = {isa = PBXFileReference; lastKnownFileType = sourcecode.swift; path = Project1Tests.swift; sourceTree = "<group>"; };
		5CBAA54025BE1B1E007BFDFA /* Info.plist */ = {isa = PBXFileReference; lastKnownFileType = text.plist.xml; path = Info.plist; sourceTree = "<group>"; };
		5CBAA54525BE1B1E007BFDFA /* Project1UITests.xctest */ = {isa = PBXFileReference; explicitFileType = wrapper.cfbundle; includeInIndex = 0; path = Project1UITests.xctest; sourceTree = BUILT_PRODUCTS_DIR; };
		5CBAA54925BE1B1E007BFDFA /* Project1UITests.swift */ = {isa = PBXFileReference; lastKnownFileType = sourcecode.swift; path = Project1UITests.swift; sourceTree = "<group>"; };
		5CBAA54B25BE1B1E007BFDFA /* Info.plist */ = {isa = PBXFileReference; lastKnownFileType = text.plist.xml; path = Info.plist; sourceTree = "<group>"; };
/* End PBXFileReference section */

/* Begin PBXFrameworksBuildPhase section */
		5CBAA52625BE1B1D007BFDFA /* Frameworks */ = {
			isa = PBXFrameworksBuildPhase;
			buildActionMask = 2147483647;
			files = (
			);
			runOnlyForDeploymentPostprocessing = 0;
		};
		5CBAA53725BE1B1E007BFDFA /* Frameworks */ = {
			isa = PBXFrameworksBuildPhase;
			buildActionMask = 2147483647;
			files = (
			);
			runOnlyForDeploymentPostprocessing = 0;
		};
		5CBAA54225BE1B1E007BFDFA /* Frameworks */ = {
			isa = PBXFrameworksBuildPhase;
			buildActionMask = 2147483647;
			files = (
			);
			runOnlyForDeploymentPostprocessing = 0;
		};
/* End PBXFrameworksBuildPhase section */

/* Begin PBXGroup section */
		5CBAA52025BE1B1D007BFDFA = {
			isa = PBXGroup;
			children = (
				5CBAA52B25BE1B1D007BFDFA /* Project1 */,
				5CBAA53D25BE1B1E007BFDFA /* Project1Tests */,
				5CBAA54825BE1B1E007BFDFA /* Project1UITests */,
				5CBAA52A25BE1B1D007BFDFA /* Products */,
			);
			sourceTree = "<group>";
		};
		5CBAA52A25BE1B1D007BFDFA /* Products */ = {
			isa = PBXGroup;
			children = (
				5CBAA52925BE1B1D007BFDFA /* Project1.app */,
				5CBAA53A25BE1B1E007BFDFA /* Project1Tests.xctest */,
				5CBAA54525BE1B1E007BFDFA /* Project1UITests.xctest */,
			);
			name = Products;
			sourceTree = "<group>";
		};
		5CBAA52B25BE1B1D007BFDFA /* Project1 */ = {
			isa = PBXGroup;
			children = (
				5CBAA52C25BE1B1D007BFDFA /* Project1App.swift */,
				5CBAA52E25BE1B1D007BFDFA /* ContentView.swift */,
				5CBAA53025BE1B1E007BFDFA /* Assets.xcassets */,
				5CBAA53525BE1B1E007BFDFA /* Info.plist */,
				5CBAA53225BE1B1E007BFDFA /* Preview Content */,
			);
			path = Project1;
			sourceTree = "<group>";
		};
		5CBAA53225BE1B1E007BFDFA /* Preview Content */ = {
			isa = PBXGroup;
			children = (
				5CBAA53325BE1B1E007BFDFA /* Preview Assets.xcassets */,
			);
			path = "Preview Content";
			sourceTree = "<group>";
		};
		5CBAA53D25BE1B1E007BFDFA /* Project1Tests */ = {
			isa = PBXGroup;
			children = (
				5CBAA53E25BE1B1E007BFDFA /* Project1Tests.swift */,
				5CBAA54025BE1B1E007BFDFA /* Info.plist */,
			);
			path = Project1Tests;
			sourceTree = "<group>";
		};
		5CBAA54825BE1B1E007BFDFA /* Project1UITests */ = {
			isa = PBXGroup;
			children = (
				5CBAA54925BE1B1E007BFDFA /* Project1UITests.swift */,
				5CBAA54B25BE1B1E007BFDFA /* Info.plist */,
			);
			path = Project1UITests;
			sourceTree = "<group>";
		};
/* End PBXGroup section */

/* Begin PBXNativeTarget section */
		5CBAA52825BE1B1D007BFDFA /* Project1 */ = {
			isa = PBXNativeTarget;
			buildConfigurationList = 5CBAA54E25BE1B1E007BFDFA /* Build configuration list for PBXNativeTarget "Project1" */;
			buildPhases = (
				5CBAA52525BE1B1D007BFDFA /* Sources */,
				5CBAA52625BE1B1D007BFDFA /* Frameworks */,
				5CBAA52725BE1B1D007BFDFA /* Resources */,
			);
			buildRules = (
			);
			dependencies = (
			);
			name = Project1;
			productName = Project1;
			productReference = 5CBAA52925BE1B1D007BFDFA /* Project1.app */;
			productType = "com.apple.product-type.application";
		};
		5CBAA53925BE1B1E007BFDFA /* Project1Tests */ = {
			isa = PBXNativeTarget;
			buildConfigurationList = 5CBAA55125BE1B1E007BFDFA /* Build configuration list for PBXNativeTarget "Project1Tests" */;
			buildPhases = (
				5CBAA53625BE1B1E007BFDFA /* Sources */,
				5CBAA53725BE1B1E007BFDFA /* Frameworks */,
				5CBAA53825BE1B1E007BFDFA /* Resources */,
			);
			buildRules = (
			);
			dependencies = (
				5CBAA53C25BE1B1E007BFDFA /* PBXTargetDependency */,
			);
			name = Project1Tests;
			productName = Project1Tests;
			productReference = 5CBAA53A25BE1B1E007BFDFA /* Project1Tests.xctest */;
			productType = "com.apple.product-type.bundle.unit-test";
		};
		5CBAA54425BE1B1E007BFDFA /* Project1UITests */ = {
			isa = PBXNativeTarget;
			buildConfigurationList = 5CBAA55425BE1B1E007BFDFA /* Build configuration list for PBXNativeTarget "Project1UITests" */;
			buildPhases = (
				5CBAA54125BE1B1E007BFDFA /* Sources */,
				5CBAA54225BE1B1E007BFDFA /* Frameworks */,
				5CBAA54325BE1B1E007BFDFA /* Resources */,
			);
			buildRules = (
			);
			dependencies = (
				5CBAA54725BE1B1E007BFDFA /* PBXTargetDependency */,
			);
			name = Project1UITests;
			productName = Project1UITests;
			productReference = 5CBAA54525BE1B1E007BFDFA /* Project1UITests.xctest */;
			productType = "com.apple.product-type.bundle.ui-testing";
		};
/* End PBXNativeTarget section */

/* Begin PBXProject section */
		5CBAA52125BE1B1D007BFDFA /* Project object */ = {
			isa = PBXProject;
			attributes = {
				LastSwiftUpdateCheck = 1220;
				LastUpgradeCheck = 1220;
				TargetAttributes = {
					5CBAA52825BE1B1D007BFDFA = {
						CreatedOnToolsVersion = 12.2;
					};
					5CBAA53925BE1B1E007BFDFA = {
						CreatedOnToolsVersion = 12.2;
						TestTargetID = 5CBAA52825BE1B1D007BFDFA;
					};
					5CBAA54425BE1B1E007BFDFA = {
						CreatedOnToolsVersion = 12.2;
						TestTargetID = 5CBAA52825BE1B1D007BFDFA;
					};
				};
			};
			buildConfigurationList = 5CBAA52425BE1B1D007BFDFA /* Build configuration list for PBXProject "Project1" */;
			compatibilityVersion = "Xcode 9.3";
			developmentRegion = en;
			hasScannedForEncodings = 0;
			knownRegions = (
				en,
				Base,
			);
			mainGroup = 5CBAA52025BE1B1D007BFDFA;
			productRefGroup = 5CBAA52A25BE1B1D007BFDFA /* Products */;
			projectDirPath = "";
			projectRoot = "";
			targets = (
				5CBAA52825BE1B1D007BFDFA /* Project1 */,
				5CBAA53925BE1B1E007BFDFA /* Project1Tests */,
				5CBAA54425BE1B1E007BFDFA /* Project1UITests */,
			);
		};
/* End PBXProject section */

/* Begin PBXResourcesBuildPhase section */
		5CBAA52725BE1B1D007BFDFA /* Resources */ = {
			isa = PBXResourcesBuildPhase;
			buildActionMask = 2147483647;
			files = (
				5CBAA53425BE1B1E007BFDFA /* Preview Assets.xcassets in Resources */,
				5CBAA53125BE1B1E007BFDFA /* Assets.xcassets in Resources */,
			);
			runOnlyForDeploymentPostprocessing = 0;
		};
		5CBAA53825BE1B1E007BFDFA /* Resources */ = {
			isa = PBXResourcesBuildPhase;
			buildActionMask = 2147483647;
			files = (
			);
			runOnlyForDeploymentPostprocessing = 0;
		};
		5CBAA54325BE1B1E007BFDFA /* Resources */ = {
			isa = PBXResourcesBuildPhase;
			buildActionMask = 2147483647;
			files = (
			);
			runOnlyForDeploymentPostprocessing = 0;
		};
/* End PBXResourcesBuildPhase section */

/* Begin PBXSourcesBuildPhase section */
		5CBAA52525BE1B1D007BFDFA /* Sources */ = {
			isa = PBXSourcesBuildPhase;
			buildActionMask = 2147483647;
			files = (
				5CBAA52F25BE1B1D007BFDFA /* ContentView.swift in Sources */,
				5CBAA52D25BE1B1D007BFDFA /* Project1App.swift in Sources */,
			);
			runOnlyForDeploymentPostprocessing = 0;
		};
		5CBAA53625BE1B1E007BFDFA /* Sources */ = {
			isa = PBXSourcesBuildPhase;
			buildActionMask = 2147483647;
			files = (
				5CBAA53F25BE1B1E007BFDFA /* Project1Tests.swift in Sources */,
			);
			runOnlyForDeploymentPostprocessing = 0;
		};
		5CBAA54125BE1B1E007BFDFA /* Sources */ = {
			isa = PBXSourcesBuildPhase;
			buildActionMask = 2147483647;
			files = (
				5CBAA54A25BE1B1E007BFDFA /* Project1UITests.swift in Sources */,
			);
			runOnlyForDeploymentPostprocessing = 0;
		};
/* End PBXSourcesBuildPhase section */

/* Begin PBXTargetDependency section */
		5CBAA53C25BE1B1E007BFDFA /* PBXTargetDependency */ = {
			isa = PBXTargetDependency;
			target = 5CBAA52825BE1B1D007BFDFA /* Project1 */;
			targetProxy = 5CBAA53B25BE1B1E007BFDFA /* PBXContainerItemProxy */;
		};
		5CBAA54725BE1B1E007BFDFA /* PBXTargetDependency */ = {
			isa = PBXTargetDependency;
			target = 5CBAA52825BE1B1D007BFDFA /* Project1 */;
			targetProxy = 5CBAA54625BE1B1E007BFDFA /* PBXContainerItemProxy */;
		};
/* End PBXTargetDependency section */

/* Begin XCBuildConfiguration section */
		5CBAA54C25BE1B1E007BFDFA /* Debug */ = {
			isa = XCBuildConfiguration;
			buildSettings = {
				ALWAYS_SEARCH_USER_PATHS = NO;
				CLANG_ANALYZER_NONNULL = YES;
				CLANG_ANALYZER_NUMBER_OBJECT_CONVERSION = YES_AGGRESSIVE;
				CLANG_CXX_LANGUAGE_STANDARD = "gnu++14";
				CLANG_CXX_LIBRARY = "libc++";
				CLANG_ENABLE_MODULES = YES;
				CLANG_ENABLE_OBJC_ARC = YES;
				CLANG_ENABLE_OBJC_WEAK = YES;
				CLANG_WARN_BLOCK_CAPTURE_AUTORELEASING = YES;
				CLANG_WARN_BOOL_CONVERSION = YES;
				CLANG_WARN_COMMA = YES;
				CLANG_WARN_CONSTANT_CONVERSION = YES;
				CLANG_WARN_DEPRECATED_OBJC_IMPLEMENTATIONS = YES;
				CLANG_WARN_DIRECT_OBJC_ISA_USAGE = YES_ERROR;
				CLANG_WARN_DOCUMENTATION_COMMENTS = YES;
				CLANG_WARN_EMPTY_BODY = YES;
				CLANG_WARN_ENUM_CONVERSION = YES;
				CLANG_WARN_INFINITE_RECURSION = YES;
				CLANG_WARN_INT_CONVERSION = YES;
				CLANG_WARN_NON_LITERAL_NULL_CONVERSION = YES;
				CLANG_WARN_OBJC_IMPLICIT_RETAIN_SELF = YES;
				CLANG_WARN_OBJC_LITERAL_CONVERSION = YES;
				CLANG_WARN_OBJC_ROOT_CLASS = YES_ERROR;
				CLANG_WARN_QUOTED_INCLUDE_IN_FRAMEWORK_HEADER = YES;
				CLANG_WARN_RANGE_LOOP_ANALYSIS = YES;
				CLANG_WARN_STRICT_PROTOTYPES = YES;
				CLANG_WARN_SUSPICIOUS_MOVE = YES;
				CLANG_WARN_UNGUARDED_AVAILABILITY = YES_AGGRESSIVE;
				CLANG_WARN_UNREACHABLE_CODE = YES;
				CLANG_WARN__DUPLICATE_METHOD_MATCH = YES;
				COPY_PHASE_STRIP = NO;
				DEBUG_INFORMATION_FORMAT = dwarf;
				ENABLE_STRICT_OBJC_MSGSEND = YES;
				ENABLE_TESTABILITY = YES;
				GCC_C_LANGUAGE_STANDARD = gnu11;
				GCC_DYNAMIC_NO_PIC = NO;
				GCC_NO_COMMON_BLOCKS = YES;
				GCC_OPTIMIZATION_LEVEL = 0;
				GCC_PREPROCESSOR_DEFINITIONS = (
					"DEBUG=1",
					"$(inherited)",
				);
				GCC_WARN_64_TO_32_BIT_CONVERSION = YES;
				GCC_WARN_ABOUT_RETURN_TYPE = YES_ERROR;
				GCC_WARN_UNDECLARED_SELECTOR = YES;
				GCC_WARN_UNINITIALIZED_AUTOS = YES_AGGRESSIVE;
				GCC_WARN_UNUSED_FUNCTION = YES;
				GCC_WARN_UNUSED_VARIABLE = YES;
				IPHONEOS_DEPLOYMENT_TARGET = 14.2;
				MTL_ENABLE_DEBUG_INFO = INCLUDE_SOURCE;
				MTL_FAST_MATH = YES;
				ONLY_ACTIVE_ARCH = YES;
				SDKROOT = iphoneos;
				SWIFT_ACTIVE_COMPILATION_CONDITIONS = DEBUG;
				SWIFT_OPTIMIZATION_LEVEL = "-Onone";
			};
			name = Debug;
		};
		5CBAA54D25BE1B1E007BFDFA /* Release */ = {
			isa = XCBuildConfiguration;
			buildSettings = {
				ALWAYS_SEARCH_USER_PATHS = NO;
				CLANG_ANALYZER_NONNULL = YES;
				CLANG_ANALYZER_NUMBER_OBJECT_CONVERSION = YES_AGGRESSIVE;
				CLANG_CXX_LANGUAGE_STANDARD = "gnu++14";
				CLANG_CXX_LIBRARY = "libc++";
				CLANG_ENABLE_MODULES = YES;
				CLANG_ENABLE_OBJC_ARC = YES;
				CLANG_ENABLE_OBJC_WEAK = YES;
				CLANG_WARN_BLOCK_CAPTURE_AUTORELEASING = YES;
				CLANG_WARN_BOOL_CONVERSION = YES;
				CLANG_WARN_COMMA = YES;
				CLANG_WARN_CONSTANT_CONVERSION = YES;
				CLANG_WARN_DEPRECATED_OBJC_IMPLEMENTATIONS = YES;
				CLANG_WARN_DIRECT_OBJC_ISA_USAGE = YES_ERROR;
				CLANG_WARN_DOCUMENTATION_COMMENTS = YES;
				CLANG_WARN_EMPTY_BODY = YES;
				CLANG_WARN_ENUM_CONVERSION = YES;
				CLANG_WARN_INFINITE_RECURSION = YES;
				CLANG_WARN_INT_CONVERSION = YES;
				CLANG_WARN_NON_LITERAL_NULL_CONVERSION = YES;
				CLANG_WARN_OBJC_IMPLICIT_RETAIN_SELF = YES;
				CLANG_WARN_OBJC_LITERAL_CONVERSION = YES;
				CLANG_WARN_OBJC_ROOT_CLASS = YES_ERROR;
				CLANG_WARN_QUOTED_INCLUDE_IN_FRAMEWORK_HEADER = YES;
				CLANG_WARN_RANGE_LOOP_ANALYSIS = YES;
				CLANG_WARN_STRICT_PROTOTYPES = YES;
				CLANG_WARN_SUSPICIOUS_MOVE = YES;
				CLANG_WARN_UNGUARDED_AVAILABILITY = YES_AGGRESSIVE;
				CLANG_WARN_UNREACHABLE_CODE = YES;
				CLANG_WARN__DUPLICATE_METHOD_MATCH = YES;
				COPY_PHASE_STRIP = NO;
				DEBUG_INFORMATION_FORMAT = "dwarf-with-dsym";
				ENABLE_NS_ASSERTIONS = NO;
				ENABLE_STRICT_OBJC_MSGSEND = YES;
				GCC_C_LANGUAGE_STANDARD = gnu11;
				GCC_NO_COMMON_BLOCKS = YES;
				GCC_WARN_64_TO_32_BIT_CONVERSION = YES;
				GCC_WARN_ABOUT_RETURN_TYPE = YES_ERROR;
				GCC_WARN_UNDECLARED_SELECTOR = YES;
				GCC_WARN_UNINITIALIZED_AUTOS = YES_AGGRESSIVE;
				GCC_WARN_UNUSED_FUNCTION = YES;
				GCC_WARN_UNUSED_VARIABLE = YES;
				IPHONEOS_DEPLOYMENT_TARGET = 14.2;
				MTL_ENABLE_DEBUG_INFO = NO;
				MTL_FAST_MATH = YES;
				SDKROOT = iphoneos;
				SWIFT_COMPILATION_MODE = wholemodule;
				SWIFT_OPTIMIZATION_LEVEL = "-O";
				VALIDATE_PRODUCT = YES;
			};
			name = Release;
		};
		5CBAA54F25BE1B1E007BFDFA /* Debug */ = {
			isa = XCBuildConfiguration;
			buildSettings = {
				ASSETCATALOG_COMPILER_APPICON_NAME = AppIcon;
				ASSETCATALOG_COMPILER_GLOBAL_ACCENT_COLOR_NAME = AccentColor;
				CODE_SIGN_STYLE = Automatic;
				DEVELOPMENT_ASSET_PATHS = "\"Project1/Preview Content\"";
				ENABLE_PREVIEWS = YES;
				INFOPLIST_FILE = Project1/Info.plist;
				IPHONEOS_DEPLOYMENT_TARGET = 14.0;
				LD_RUNPATH_SEARCH_PATHS = (
					"$(inherited)",
					"@executable_path/Frameworks",
				);
				PRODUCT_BUNDLE_IDENTIFIER = "Artijan-Zmajli.Project1";
				PRODUCT_NAME = "$(TARGET_NAME)";
				SWIFT_VERSION = 5.0;
				TARGETED_DEVICE_FAMILY = "1,2";
			};
			name = Debug;
		};
		5CBAA55025BE1B1E007BFDFA /* Release */ = {
			isa = XCBuildConfiguration;
			buildSettings = {
				ASSETCATALOG_COMPILER_APPICON_NAME = AppIcon;
				ASSETCATALOG_COMPILER_GLOBAL_ACCENT_COLOR_NAME = AccentColor;
				CODE_SIGN_STYLE = Automatic;
				DEVELOPMENT_ASSET_PATHS = "\"Project1/Preview Content\"";
				ENABLE_PREVIEWS = YES;
				INFOPLIST_FILE = Project1/Info.plist;
				IPHONEOS_DEPLOYMENT_TARGET = 14.0;
				LD_RUNPATH_SEARCH_PATHS = (
					"$(inherited)",
					"@executable_path/Frameworks",
				);
				PRODUCT_BUNDLE_IDENTIFIER = "Artijan-Zmajli.Project1";
				PRODUCT_NAME = "$(TARGET_NAME)";
				SWIFT_VERSION = 5.0;
				TARGETED_DEVICE_FAMILY = "1,2";
			};
			name = Release;
		};
		5CBAA55225BE1B1E007BFDFA /* Debug */ = {
			isa = XCBuildConfiguration;
			buildSettings = {
				ALWAYS_EMBED_SWIFT_STANDARD_LIBRARIES = YES;
				BUNDLE_LOADER = "$(TEST_HOST)";
				CODE_SIGN_STYLE = Automatic;
				INFOPLIST_FILE = Project1Tests/Info.plist;
				IPHONEOS_DEPLOYMENT_TARGET = 14.0;
				LD_RUNPATH_SEARCH_PATHS = (
					"$(inherited)",
					"@executable_path/Frameworks",
					"@loader_path/Frameworks",
				);
				PRODUCT_BUNDLE_IDENTIFIER = "Artijan-Zmajli.Project1Tests";
				PRODUCT_NAME = "$(TARGET_NAME)";
				SWIFT_VERSION = 5.0;
				TARGETED_DEVICE_FAMILY = "1,2";
				TEST_HOST = "$(BUILT_PRODUCTS_DIR)/Project1.app/Project1";
			};
			name = Debug;
		};
		5CBAA55325BE1B1E007BFDFA /* Release */ = {
			isa = XCBuildConfiguration;
			buildSettings = {
				ALWAYS_EMBED_SWIFT_STANDARD_LIBRARIES = YES;
				BUNDLE_LOADER = "$(TEST_HOST)";
				CODE_SIGN_STYLE = Automatic;
				INFOPLIST_FILE = Project1Tests/Info.plist;
				IPHONEOS_DEPLOYMENT_TARGET = 14.0;
				LD_RUNPATH_SEARCH_PATHS = (
					"$(inherited)",
					"@executable_path/Frameworks",
					"@loader_path/Frameworks",
				);
				PRODUCT_BUNDLE_IDENTIFIER = "Artijan-Zmajli.Project1Tests";
				PRODUCT_NAME = "$(TARGET_NAME)";
				SWIFT_VERSION = 5.0;
				TARGETED_DEVICE_FAMILY = "1,2";
				TEST_HOST = "$(BUILT_PRODUCTS_DIR)/Project1.app/Project1";
			};
			name = Release;
		};
		5CBAA55525BE1B1E007BFDFA /* Debug */ = {
			isa = XCBuildConfiguration;
			buildSettings = {
				ALWAYS_EMBED_SWIFT_STANDARD_LIBRARIES = YES;
				CODE_SIGN_STYLE = Automatic;
				INFOPLIST_FILE = Project1UITests/Info.plist;
				LD_RUNPATH_SEARCH_PATHS = (
					"$(inherited)",
					"@executable_path/Frameworks",
					"@loader_path/Frameworks",
				);
				PRODUCT_BUNDLE_IDENTIFIER = "Artijan-Zmajli.Project1UITests";
				PRODUCT_NAME = "$(TARGET_NAME)";
				SWIFT_VERSION = 5.0;
				TARGETED_DEVICE_FAMILY = "1,2";
				TEST_TARGET_NAME = Project1;
			};
			name = Debug;
		};
		5CBAA55625BE1B1E007BFDFA /* Release */ = {
			isa = XCBuildConfiguration;
			buildSettings = {
				ALWAYS_EMBED_SWIFT_STANDARD_LIBRARIES = YES;
				CODE_SIGN_STYLE = Automatic;
				INFOPLIST_FILE = Project1UITests/Info.plist;
				LD_RUNPATH_SEARCH_PATHS = (
					"$(inherited)",
					"@executable_path/Frameworks",
					"@loader_path/Frameworks",
				);
				PRODUCT_BUNDLE_IDENTIFIER = "Artijan-Zmajli.Project1UITests";
				PRODUCT_NAME = "$(TARGET_NAME)";
				SWIFT_VERSION = 5.0;
				TARGETED_DEVICE_FAMILY = "1,2";
				TEST_TARGET_NAME = Project1;
			};
			name = Release;
		};
/* End XCBuildConfiguration section */

/* Begin XCConfigurationList section */
		5CBAA52425BE1B1D007BFDFA /* Build configuration list for PBXProject "Project1" */ = {
			isa = XCConfigurationList;
			buildConfigurations = (
				5CBAA54C25BE1B1E007BFDFA /* Debug */,
				5CBAA54D25BE1B1E007BFDFA /* Release */,
			);
			defaultConfigurationIsVisible = 0;
			defaultConfigurationName = Release;
		};
		5CBAA54E25BE1B1E007BFDFA /* Build configuration list for PBXNativeTarget "Project1" */ = {
			isa = XCConfigurationList;
			buildConfigurations = (
				5CBAA54F25BE1B1E007BFDFA /* Debug */,
				5CBAA55025BE1B1E007BFDFA /* Release */,
			);
			defaultConfigurationIsVisible = 0;
			defaultConfigurationName = Release;
		};
		5CBAA55125BE1B1E007BFDFA /* Build configuration list for PBXNativeTarget "Project1Tests" */ = {
			isa = XCConfigurationList;
			buildConfigurations = (
				5CBAA55225BE1B1E007BFDFA /* Debug */,
				5CBAA55325BE1B1E007BFDFA /* Release */,
			);
			defaultConfigurationIsVisible = 0;
			defaultConfigurationName = Release;
		};
		5CBAA55425BE1B1E007BFDFA /* Build configuration list for PBXNativeTarget "Project1UITests" */ = {
			isa = XCConfigurationList;
			buildConfigurations = (
				5CBAA55525BE1B1E007BFDFA /* Debug */,
				5CBAA55625BE1B1E007BFDFA /* Release */,
			);
			defaultConfigurationIsVisible = 0;
			defaultConfigurationName = Release;
		};
/* End XCConfigurationList section */
	};
	rootObject = 5CBAA52125BE1B1D007BFDFA /* Project object */;
}
